
Microsoft Visual Studio Solution File, Format Version 12.00
# Visual Studio Version 17
VisualStudioVersion = 17.3.32922.545
MinimumVisualStudioVersion = 10.0.40219.1
Project("{FAE04EC0-301F-11D3-BF4B-00C04F79EFBC}") = "EvaluationManagerG08", "EvaluationManagerG08\EvaluationManagerG08.csproj", "{A25AEE88-42EC-4D3C-886A-9ED792DB9C2C}"
EndProject
Global
	GlobalSection(SolutionConfigurationPlatforms) = preSolution
		Debug|Any CPU = Debug|Any CPU
		Release|Any CPU = Release|Any CPU
	EndGlobalSection
	GlobalSection(ProjectConfigurationPlatforms) = postSolution
		{A25AEE88-42EC-4D3C-886A-9ED792DB9C2C}.Debug|Any CPU.ActiveCfg = Debug|Any CPU
		{A25AEE88-42EC-4D3C-886A-9ED792DB9C2C}.Debug|Any CPU.Build.0 = Debug|Any CPU
		{A25AEE88-42EC-4D3C-886A-9ED792DB9C2C}.Release|Any CPU.ActiveCfg = Release|Any CPU
		{A25AEE88-42EC-4D3C-886A-9ED792DB9C2C}.Release|Any CPU.Build.0 = Release|Any CPU
	EndGlobalSection
	GlobalSection(SolutionProperties) = preSolution
		HideSolutionNode = FALSE
	EndGlobalSection
	GlobalSection(ExtensibilityGlobals) = postSolution
		SolutionGuid = {70AE63CE-F56C-4794-A6F7-6D9265C970FF}
	EndGlobalSection
EndGlobal
